
Microsoft Visual Studio Solution File, Format Version 12.00
Project("{FAE04EC0-301F-11D3-BF4B-00C04F79EFBC}") = "Api", "Api\Api.csproj", "{F8C9E653-A302-4A87-BE68-85A264427E44}"
EndProject
Project("{FAE04EC0-301F-11D3-BF4B-00C04F79EFBC}") = "DAL", "DAL\DAL.csproj", "{CFDDDAD5-349A-42B8-9F13-11F5F6D24926}"
EndProject
Project("{FAE04EC0-301F-11D3-BF4B-00C04F79EFBC}") = "Core", "Core\Core.csproj", "{25779B0D-A77A-40F6-A230-0CBBAEF1C72B}"
EndProject
Project("{FAE04EC0-301F-11D3-BF4B-00C04F79EFBC}") = "BusDaemon", "BusDaemon\BusDaemon.csproj", "{58A11DA7-A706-43B3-B163-121601BFDFD3}"
EndProject
Global
	GlobalSection(SolutionConfigurationPlatforms) = preSolution
		Debug|Any CPU = Debug|Any CPU
		Release|Any CPU = Release|Any CPU
	EndGlobalSection
	GlobalSection(ProjectConfigurationPlatforms) = postSolution
		{F8C9E653-A302-4A87-BE68-85A264427E44}.Debug|Any CPU.ActiveCfg = Debug|Any CPU
		{F8C9E653-A302-4A87-BE68-85A264427E44}.Debug|Any CPU.Build.0 = Debug|Any CPU
		{F8C9E653-A302-4A87-BE68-85A264427E44}.Release|Any CPU.ActiveCfg = Release|Any CPU
		{F8C9E653-A302-4A87-BE68-85A264427E44}.Release|Any CPU.Build.0 = Release|Any CPU
		{CFDDDAD5-349A-42B8-9F13-11F5F6D24926}.Debug|Any CPU.ActiveCfg = Debug|Any CPU
		{CFDDDAD5-349A-42B8-9F13-11F5F6D24926}.Debug|Any CPU.Build.0 = Debug|Any CPU
		{CFDDDAD5-349A-42B8-9F13-11F5F6D24926}.Release|Any CPU.ActiveCfg = Release|Any CPU
		{CFDDDAD5-349A-42B8-9F13-11F5F6D24926}.Release|Any CPU.Build.0 = Release|Any CPU
		{25779B0D-A77A-40F6-A230-0CBBAEF1C72B}.Debug|Any CPU.ActiveCfg = Debug|Any CPU
		{25779B0D-A77A-40F6-A230-0CBBAEF1C72B}.Debug|Any CPU.Build.0 = Debug|Any CPU
		{25779B0D-A77A-40F6-A230-0CBBAEF1C72B}.Release|Any CPU.ActiveCfg = Release|Any CPU
		{25779B0D-A77A-40F6-A230-0CBBAEF1C72B}.Release|Any CPU.Build.0 = Release|Any CPU
		{58A11DA7-A706-43B3-B163-121601BFDFD3}.Debug|Any CPU.ActiveCfg = Debug|Any CPU
		{58A11DA7-A706-43B3-B163-121601BFDFD3}.Debug|Any CPU.Build.0 = Debug|Any CPU
		{58A11DA7-A706-43B3-B163-121601BFDFD3}.Release|Any CPU.ActiveCfg = Release|Any CPU
		{58A11DA7-A706-43B3-B163-121601BFDFD3}.Release|Any CPU.Build.0 = Release|Any CPU
	EndGlobalSection
EndGlobal
